
Microsoft Visual Studio Solution File, Format Version 12.00
# Visual Studio Version 17
VisualStudioVersion = 17.4.32804.182
MinimumVisualStudioVersion = 10.0.40219.1
Project("{9A19103F-16F7-4668-BE54-9A1E7A4F7556}") = "LanguageResources.WebApi", "LanguageResources.WebApi\LanguageResources.WebApi.csproj", "{4F3C38AB-1176-4AF6-AD4B-E6EB9DE74188}"
EndProject
Project("{9A19103F-16F7-4668-BE54-9A1E7A4F7556}") = "LanguageResources.Shared", "LanguageResources.Shared\LanguageResources.Shared.csproj", "{BEF96FD8-07EE-4E7B-901C-A428A7CF6F7B}"
EndProject
Project("{2150E333-8FDC-42A3-9474-1A3956D46DE8}") = "Solution Items", "Solution Items", "{F6106187-0706-4CD9-A2D4-63CFDAEC6D28}"
	ProjectSection(SolutionItems) = preProject
		..\.editorconfig = ..\.editorconfig
	EndProjectSection
EndProject
Project("{9A19103F-16F7-4668-BE54-9A1E7A4F7556}") = "LanguageResources.Tests", "LanguageResources.Tests\LanguageResources.Tests.csproj", "{85CFFEC3-852B-45B3-B5DE-4253F9A72499}"
EndProject
Project("{FAE04EC0-301F-11D3-BF4B-00C04F79EFBC}") = "LanguageResources.Server", "LanguageResources.Server\LanguageResources.Server.csproj", "{9F32B72B-9C83-4E87-A899-50BEC0CEAD95}"
EndProject
Global
	GlobalSection(SolutionConfigurationPlatforms) = preSolution
		Debug|Any CPU = Debug|Any CPU
		Release|Any CPU = Release|Any CPU
	EndGlobalSection
	GlobalSection(ProjectConfigurationPlatforms) = postSolution
		{4F3C38AB-1176-4AF6-AD4B-E6EB9DE74188}.Debug|Any CPU.ActiveCfg = Debug|Any CPU
		{4F3C38AB-1176-4AF6-AD4B-E6EB9DE74188}.Debug|Any CPU.Build.0 = Debug|Any CPU
		{4F3C38AB-1176-4AF6-AD4B-E6EB9DE74188}.Release|Any CPU.ActiveCfg = Release|Any CPU
		{4F3C38AB-1176-4AF6-AD4B-E6EB9DE74188}.Release|Any CPU.Build.0 = Release|Any CPU
		{BEF96FD8-07EE-4E7B-901C-A428A7CF6F7B}.Debug|Any CPU.ActiveCfg = Debug|Any CPU
		{BEF96FD8-07EE-4E7B-901C-A428A7CF6F7B}.Debug|Any CPU.Build.0 = Debug|Any CPU
		{BEF96FD8-07EE-4E7B-901C-A428A7CF6F7B}.Release|Any CPU.ActiveCfg = Release|Any CPU
		{BEF96FD8-07EE-4E7B-901C-A428A7CF6F7B}.Release|Any CPU.Build.0 = Release|Any CPU
		{85CFFEC3-852B-45B3-B5DE-4253F9A72499}.Debug|Any CPU.ActiveCfg = Debug|Any CPU
		{85CFFEC3-852B-45B3-B5DE-4253F9A72499}.Debug|Any CPU.Build.0 = Debug|Any CPU
		{85CFFEC3-852B-45B3-B5DE-4253F9A72499}.Release|Any CPU.ActiveCfg = Release|Any CPU
		{85CFFEC3-852B-45B3-B5DE-4253F9A72499}.Release|Any CPU.Build.0 = Release|Any CPU
		{9F32B72B-9C83-4E87-A899-50BEC0CEAD95}.Debug|Any CPU.ActiveCfg = Debug|Any CPU
		{9F32B72B-9C83-4E87-A899-50BEC0CEAD95}.Debug|Any CPU.Build.0 = Debug|Any CPU
		{9F32B72B-9C83-4E87-A899-50BEC0CEAD95}.Release|Any CPU.ActiveCfg = Release|Any CPU
		{9F32B72B-9C83-4E87-A899-50BEC0CEAD95}.Release|Any CPU.Build.0 = Release|Any CPU
	EndGlobalSection
	GlobalSection(SolutionProperties) = preSolution
		HideSolutionNode = FALSE
	EndGlobalSection
	GlobalSection(ExtensibilityGlobals) = postSolution
		SolutionGuid = {ED60AA85-2F57-4351-AE4F-140621E80F9A}
	EndGlobalSection
EndGlobal
